Microsoft Visual Studio Solution File, Format Version 12.00
# Visual Studio Version 17
VisualStudioVersion = 17.5.2.0
MinimumVisualStudioVersion = 10.0.40219.1
Project("{FAE04EC0-301F-11D3-BF4B-00C04F79EFBC}") = "GreenDriveApi", "GreenDriveApi\GreenDriveApi.csproj", "{C1286542-9EFF-7BF2-2EF5-577F8AF4F1E1}"
EndProject
Global
	GlobalSection(SolutionConfigurationPlatforms) = preSolution
		Debug|Any CPU = Debug|Any CPU
		Release|Any CPU = Release|Any CPU
	EndGlobalSection
	GlobalSection(ProjectConfigurationPlatforms) = postSolution
		{C1286542-9EFF-7BF2-2EF5-577F8AF4F1E1}.Debug|Any CPU.ActiveCfg = Debug|Any CPU
		{C1286542-9EFF-7BF2-2EF5-577F8AF4F1E1}.Debug|Any CPU.Build.0 = Debug|Any CPU
		{C1286542-9EFF-7BF2-2EF5-577F8AF4F1E1}.Release|Any CPU.ActiveCfg = Release|Any CPU
		{C1286542-9EFF-7BF2-2EF5-577F8AF4F1E1}.Release|Any CPU.Build.0 = Release|Any CPU
	EndGlobalSection
	GlobalSection(SolutionProperties) = preSolution
		HideSolutionNode = FALSE
	EndGlobalSection
	GlobalSection(ExtensibilityGlobals) = postSolution
		SolutionGuid = {E7373447-ED82-4585-AD45-58595498F2BC}
	EndGlobalSection
EndGlobal
